
Microsoft Visual Studio Solution File, Format Version 12.00
# Visual Studio Version 16
VisualStudioVersion = 16.0.28803.202
MinimumVisualStudioVersion = 10.0.40219.1
Project("{9A19103F-16F7-4668-BE54-9A1E7A4F7556}") = "ServerCore", "ServerCore\ServerCore.csproj", "{67B91CCE-4E3D-4F0F-8A76-EAFD37C5F949}"
EndProject
Project("{9A19103F-16F7-4668-BE54-9A1E7A4F7556}") = "ServerCore.Test", "ServerCore.Test\ServerCore.Test.csproj", "{31CC1299-08DF-4C42-8FBA-827C11732C6D}"
	ProjectSection(ProjectDependencies) = postProject
		{67B91CCE-4E3D-4F0F-8A76-EAFD37C5F949} = {67B91CCE-4E3D-4F0F-8A76-EAFD37C5F949}
	EndProjectSection
EndProject
Project("{9A19103F-16F7-4668-BE54-9A1E7A4F7556}") = "Data", "Data\Data.csproj", "{3DE98AFE-8F47-4ED8-8461-3F07EF69F4C1}"
EndProject
Project("{2150E333-8FDC-42A3-9474-1A3956D46DE8}") = "Solution Items", "Solution Items", "{7CC5049C-96CD-4EC4-9E60-96BD7EE8D460}"
	ProjectSection(SolutionItems) = preProject
		.editorconfig = .editorconfig
	EndProjectSection
EndProject
Global
	GlobalSection(SolutionConfigurationPlatforms) = preSolution
		Debug|Any CPU = Debug|Any CPU
		Release|Any CPU = Release|Any CPU
	EndGlobalSection
	GlobalSection(ProjectConfigurationPlatforms) = postSolution
		{67B91CCE-4E3D-4F0F-8A76-EAFD37C5F949}.Debug|Any CPU.ActiveCfg = Debug|Any CPU
		{67B91CCE-4E3D-4F0F-8A76-EAFD37C5F949}.Debug|Any CPU.Build.0 = Debug|Any CPU
		{67B91CCE-4E3D-4F0F-8A76-EAFD37C5F949}.Release|Any CPU.ActiveCfg = Release|Any CPU
		{67B91CCE-4E3D-4F0F-8A76-EAFD37C5F949}.Release|Any CPU.Build.0 = Release|Any CPU
		{31CC1299-08DF-4C42-8FBA-827C11732C6D}.Debug|Any CPU.ActiveCfg = Debug|Any CPU
		{31CC1299-08DF-4C42-8FBA-827C11732C6D}.Debug|Any CPU.Build.0 = Debug|Any CPU
		{31CC1299-08DF-4C42-8FBA-827C11732C6D}.Release|Any CPU.ActiveCfg = Release|Any CPU
		{31CC1299-08DF-4C42-8FBA-827C11732C6D}.Release|Any CPU.Build.0 = Release|Any CPU
		{3DE98AFE-8F47-4ED8-8461-3F07EF69F4C1}.Debug|Any CPU.ActiveCfg = Debug|Any CPU
		{3DE98AFE-8F47-4ED8-8461-3F07EF69F4C1}.Debug|Any CPU.Build.0 = Debug|Any CPU
		{3DE98AFE-8F47-4ED8-8461-3F07EF69F4C1}.Release|Any CPU.ActiveCfg = Release|Any CPU
		{3DE98AFE-8F47-4ED8-8461-3F07EF69F4C1}.Release|Any CPU.Build.0 = Release|Any CPU
	EndGlobalSection
	GlobalSection(SolutionProperties) = preSolution
		HideSolutionNode = FALSE
	EndGlobalSection
	GlobalSection(ExtensibilityGlobals) = postSolution
		SolutionGuid = {ACE473A7-525D-4BC1-8C09-EAAEAF5D8CF5}
	EndGlobalSection
EndGlobal
